// !$*UTF8*$!
{
	archiveVersion = 1;
	classes = {
	};
	objectVersion = 46;
	objects = {

/* Begin PBXBuildFile section */
		1007DE721D3F375E0010EF1D /* AppDelegate.swift in Sources */ = {isa = PBXBuildFile; fileRef = 1007DE711D3F375E0010EF1D /* AppDelegate.swift */; };
		1007DE741D3F375E0010EF1D /* ViewController.swift in Sources */ = {isa = PBXBuildFile; fileRef = 1007DE731D3F375E0010EF1D /* ViewController.swift */; };
		1007DE771D3F375E0010EF1D /* Main.storyboard in Resources */ = {isa = PBXBuildFile; fileRef = 1007DE751D3F375E0010EF1D /* Main.storyboard */; };
		1007DE791D3F375E0010EF1D /* Assets.xcassets in Resources */ = {isa = PBXBuildFile; fileRef = 1007DE781D3F375E0010EF1D /* Assets.xcassets */; };
		1007DE7C1D3F375E0010EF1D /* LaunchScreen.storyboard in Resources */ = {isa = PBXBuildFile; fileRef = 1007DE7A1D3F375E0010EF1D /* LaunchScreen.storyboard */; };
/* End PBXBuildFile section */

/* Begin PBXFileReference section */
		1007DE6E1D3F375E0010EF1D /* New TD List.app */ = {isa = PBXFileReference; explicitFileType = wrapper.application; includeInIndex = 0; path = "New TD List.app"; sourceTree = BUILT_PRODUCTS_DIR; };
		1007DE711D3F375E0010EF1D /* AppDelegate.swift */ = {isa = PBXFileReference; lastKnownFileType = sourcecode.swift; path = AppDelegate.swift; sourceTree = "<group>"; };
		1007DE731D3F375E0010EF1D /* ViewController.swift */ = {isa = PBXFileReference; lastKnownFileType = sourcecode.swift; path = ViewController.swift; sourceTree = "<group>"; };
		1007DE761D3F375E0010EF1D /* Base */ = {isa = PBXFileReference; lastKnownFileType = file.storyboard; name = Base; path = Base.lproj/Main.storyboard; sourceTree = "<group>"; };
		1007DE781D3F375E0010EF1D /* Assets.xcassets */ = {isa = PBXFileReference; lastKnownFileType = folder.assetcatalog; path = Assets.xcassets; sourceTree = "<group>"; };
		1007DE7B1D3F375E0010EF1D /* Base */ = {isa = PBXFileReference; lastKnownFileType = file.storyboard; name = Base; path = Base.lproj/LaunchScreen.storyboard; sourceTree = "<group>"; };
		1007DE7D1D3F375E0010EF1D /* Info.plist */ = {isa = PBXFileReference; lastKnownFileType = text.plist.xml; path = Info.plist; sourceTree = "<group>"; };
/* End PBXFileReference section */

/* Begin PBXFrameworksBuildPhase section */
		1007DE6B1D3F375E0010EF1D /* Frameworks */ = {
			isa = PBXFrameworksBuildPhase;
			buildActionMask = 2147483647;
			files = (
			);
			runOnlyForDeploymentPostprocessing = 0;
		};
/* End PBXFrameworksBuildPhase section */

/* Begin PBXGroup section */
		1007DE651D3F375E0010EF1D = {
			isa = PBXGroup;
			children = (
				1007DE701D3F375E0010EF1D /* New TD List */,
				1007DE6F1D3F375E0010EF1D /* Products */,
			);
			sourceTree = "<group>";
		};
		1007DE6F1D3F375E0010EF1D /* Products */ = {
			isa = PBXGroup;
			children = (
				1007DE6E1D3F375E0010EF1D /* New TD List.app */,
			);
			name = Products;
			sourceTree = "<group>";
		};
		1007DE701D3F375E0010EF1D /* New TD List */ = {
			isa = PBXGroup;
			children = (
				1007DE711D3F375E0010EF1D /* AppDelegate.swift */,
				1007DE731D3F375E0010EF1D /* ViewController.swift */,
				1007DE751D3F375E0010EF1D /* Main.storyboard */,
				1007DE781D3F375E0010EF1D /* Assets.xcassets */,
				1007DE7A1D3F375E0010EF1D /* LaunchScreen.storyboard */,
				1007DE7D1D3F375E0010EF1D /* Info.plist */,
			);
			path = "New TD List";
			sourceTree = "<group>";
		};
/* End PBXGroup section */

/* Begin PBXNativeTarget section */
		1007DE6D1D3F375E0010EF1D /* New TD List */ = {
			isa = PBXNativeTarget;
			buildConfigurationList = 1007DE801D3F375E0010EF1D /* Build configuration list for PBXNativeTarget "New TD List" */;
			buildPhases = (
				1007DE6A1D3F375E0010EF1D /* Sources */,
				1007DE6B1D3F375E0010EF1D /* Frameworks */,
				1007DE6C1D3F375E0010EF1D /* Resources */,
			);
			buildRules = (
			);
			dependencies = (
			);
			name = "New TD List";
			productName = "New TD List";
			productReference = 1007DE6E1D3F375E0010EF1D /* New TD List.app */;
			productType = "com.apple.product-type.application";
		};
/* End PBXNativeTarget section */

/* Begin PBXProject section */
		1007DE661D3F375E0010EF1D /* Project object */ = {
			isa = PBXProject;
			attributes = {
				LastSwiftUpdateCheck = 0730;
				LastUpgradeCheck = 0730;
				ORGANIZATIONNAME = "Aurous tech";
				TargetAttributes = {
					1007DE6D1D3F375E0010EF1D = {
						CreatedOnToolsVersion = 7.3.1;
					};
				};
			};
			buildConfigurationList = 1007DE691D3F375E0010EF1D /* Build configuration list for PBXProject "New TD List" */;
			compatibilityVersion = "Xcode 3.2";
			developmentRegion = English;
			hasScannedForEncodings = 0;
			knownRegions = (
				en,
				Base,
			);
			mainGroup = 1007DE651D3F375E0010EF1D;
			productRefGroup = 1007DE6F1D3F375E0010EF1D /* Products */;
			projectDirPath = "";
			projectRoot = "";
			targets = (
				1007DE6D1D3F375E0010EF1D /* New TD List */,
			);
		};
/* End PBXProject section */

/* Begin PBXResourcesBuildPhase section */
		1007DE6C1D3F375E0010EF1D /* Resources */ = {
			isa = PBXResourcesBuildPhase;
			buildActionMask = 2147483647;
			files = (
				1007DE7C1D3F375E0010EF1D /* LaunchScreen.storyboard in Resources */,
				1007DE791D3F375E0010EF1D /* Assets.xcassets in Resources */,
				1007DE771D3F375E0010EF1D /* Main.storyboard in Resources */,
			);
			runOnlyForDeploymentPostprocessing = 0;
		};
/* End PBXResourcesBuildPhase section */

/* Begin PBXSourcesBuildPhase section */
		1007DE6A1D3F375E0010EF1D /* Sources */ = {
			isa = PBXSourcesBuildPhase;
			buildActionMask = 2147483647;
			files = (
				1007DE741D3F375E0010EF1D /* ViewController.swift in Sources */,
				1007DE721D3F375E0010EF1D /* AppDelegate.swift in Sources */,
			);
			runOnlyForDeploymentPostprocessing = 0;
		};
/* End PBXSourcesBuildPhase section */

/* Begin PBXVariantGroup section */
		1007DE751D3F375E0010EF1D /* Main.storyboard */ = {
			isa = PBXVariantGroup;
			children = (
				1007DE761D3F375E0010EF1D /* Base */,
			);
			name = Main.storyboard;
			sourceTree = "<group>";
		};
		1007DE7A1D3F375E0010EF1D /* LaunchScreen.storyboard */ = {
			isa = PBXVariantGroup;
			children = (
				1007DE7B1D3F375E0010EF1D /* Base */,
			);
			name = LaunchScreen.storyboard;
			sourceTree = "<group>";
		};
/* End PBXVariantGroup section */

/* Begin XCBuildConfiguration section */
		1007DE7E1D3F375E0010EF1D /* Debug */ = {
			isa = XCBuildConfiguration;
			buildSettings = {
				ALWAYS_SEARCH_USER_PATHS = NO;
				CLANG_ANALYZER_NONNULL = YES;
				CLANG_CXX_LANGUAGE_STANDARD = "gnu++0x";
				CLANG_CXX_LIBRARY = "libc++";
				CLANG_ENABLE_MODULES = YES;
				CLANG_ENABLE_OBJC_ARC = YES;
				CLANG_WARN_BOOL_CONVERSION = YES;
				CLANG_WARN_CONSTANT_CONVERSION = YES;
				CLANG_WARN_DIRECT_OBJC_ISA_USAGE = YES_ERROR;
				CLANG_WARN_EMPTY_BODY = YES;
				CLANG_WARN_ENUM_CONVERSION = YES;
				CLANG_WARN_INT_CONVERSION = YES;
				CLANG_WARN_OBJC_ROOT_CLASS = YES_ERROR;
				CLANG_WARN_UNREACHABLE_CODE = YES;
				CLANG_WARN__DUPLICATE_METHOD_MATCH = YES;
				"CODE_SIGN_IDENTITY[sdk=iphoneos*]" = "iPhone Developer";
				COPY_PHASE_STRIP = NO;
				DEBUG_INFORMATION_FORMAT = dwarf;
				ENABLE_STRICT_OBJC_MSGSEND = YES;
				ENABLE_TESTABILITY = YES;
				GCC_C_LANGUAGE_STANDARD = gnu99;
				GCC_DYNAMIC_NO_PIC = NO;
				GCC_NO_COMMON_BLOCKS = YES;
				GCC_OPTIMIZATION_LEVEL = 0;
				GCC_PREPROCESSOR_DEFINITIONS = (
					"DEBUG=1",
					"$(inherited)",
				);
				GCC_WARN_64_TO_32_BIT_CONVERSION = YES;
				GCC_WARN_ABOUT_RETURN_TYPE = YES_ERROR;
				GCC_WARN_UNDECLARED_SELECTOR = YES;
				GCC_WARN_UNINITIALIZED_AUTOS = YES_AGGRESSIVE;
				GCC_WARN_UNUSED_FUNCTION = YES;
				GCC_WARN_UNUSED_VARIABLE = YES;
				IPHONEOS_DEPLOYMENT_TARGET = 9.3;
				MTL_ENABLE_DEBUG_INFO = YES;
				ONLY_ACTIVE_ARCH = YES;
				SDKROOT = iphoneos;
				SWIFT_OPTIMIZATION_LEVEL = "-Onone";
			};
			name = Debug;
		};
		1007DE7F1D3F375E0010EF1D /* Release */ = {
			isa = XCBuildConfiguration;
			buildSettings = {
				ALWAYS_SEARCH_USER_PATHS = NO;
				CLANG_ANALYZER_NONNULL = YES;
				CLANG_CXX_LANGUAGE_STANDARD = "gnu++0x";
				CLANG_CXX_LIBRARY = "libc++";
				CLANG_ENABLE_MODULES = YES;
				CLANG_ENABLE_OBJC_ARC = YES;
				CLANG_WARN_BOOL_CONVERSION = YES;
				CLANG_WARN_CONSTANT_CONVERSION = YES;
				CLANG_WARN_DIRECT_OBJC_ISA_USAGE = YES_ERROR;
				CLANG_WARN_EMPTY_BODY = YES;
				CLANG_WARN_ENUM_CONVERSION = YES;
				CLANG_WARN_INT_CONVERSION = YES;
				CLANG_WARN_OBJC_ROOT_CLASS = YES_ERROR;
				CLANG_WARN_UNREACHABLE_CODE = YES;
				CLANG_WARN__DUPLICATE_METHOD_MATCH = YES;
				"CODE_SIGN_IDENTITY[sdk=iphoneos*]" = "iPhone Developer";
				COPY_PHASE_STRIP = NO;
				DEBUG_INFORMATION_FORMAT = "dwarf-with-dsym";
				ENABLE_NS_ASSERTIONS = NO;
				ENABLE_STRICT_OBJC_MSGSEND = YES;
				GCC_C_LANGUAGE_STANDARD = gnu99;
				GCC_NO_COMMON_BLOCKS = YES;
				GCC_WARN_64_TO_32_BIT_CONVERSION = YES;
				GCC_WARN_ABOUT_RETURN_TYPE = YES_ERROR;
				GCC_WARN_UNDECLARED_SELECTOR = YES;
				GCC_WARN_UNINITIALIZED_AUTOS = YES_AGGRESSIVE;
				GCC_WARN_UNUSED_FUNCTION = YES;
				GCC_WARN_UNUSED_VARIABLE = YES;
				IPHONEOS_DEPLOYMENT_TARGET = 9.3;
				MTL_ENABLE_DEBUG_INFO = NO;
				SDKROOT = iphoneos;
				VALIDATE_PRODUCT = YES;
			};
			name = Release;
		};
		1007DE811D3F375E0010EF1D /* Debug */ = {
			isa = XCBuildConfiguration;
			buildSettings = {
				ASSETCATALOG_COMPILER_APPICON_NAME = AppIcon;
				INFOPLIST_FILE = "New TD List/Info.plist";
				LD_RUNPATH_SEARCH_PATHS = "$(inherited) @executable_path/Frameworks";
				PRODUCT_BUNDLE_IDENTIFIER = "com.auroustech.New-TD-List";
				PRODUCT_NAME = "$(TARGET_NAME)";
			};
			name = Debug;
		};
		1007DE821D3F375E0010EF1D /* Release */ = {
			isa = XCBuildConfiguration;
			buildSettings = {
				ASSETCATALOG_COMPILER_APPICON_NAME = AppIcon;
				INFOPLIST_FILE = "New TD List/Info.plist";
				LD_RUNPATH_SEARCH_PATHS = "$(inherited) @executable_path/Frameworks";
				PRODUCT_BUNDLE_IDENTIFIER = "com.auroustech.New-TD-List";
				PRODUCT_NAME = "$(TARGET_NAME)";
			};
			name = Release;
		};
/* End XCBuildConfiguration section */

/* Begin XCConfigurationList section */
		1007DE691D3F375E0010EF1D /* Build configuration list for PBXProject "New TD List" */ = {
			isa = XCConfigurationList;
			buildConfigurations = (
				1007DE7E1D3F375E0010EF1D /* Debug */,
				1007DE7F1D3F375E0010EF1D /* Release */,
			);
			defaultConfigurationIsVisible = 0;
			defaultConfigurationName = Release;
		};
		1007DE801D3F375E0010EF1D /* Build configuration list for PBXNativeTarget "New TD List" */ = {
			isa = XCConfigurationList;
			buildConfigurations = (
				1007DE811D3F375E0010EF1D /* Debug */,
				1007DE821D3F375E0010EF1D /* Release */,
			);
			defaultConfigurationIsVisible = 0;
		};
/* End XCConfigurationList section */
	};
	rootObject = 1007DE661D3F375E0010EF1D /* Project object */;
}
